Microsoft Visual Studio Solution File, Format Version 12.00
# Visual Studio Version 17
VisualStudioVersion = 17.5.2.0
MinimumVisualStudioVersion = 10.0.40219.1
Project("{FAE04EC0-301F-11D3-BF4B-00C04F79EFBC}") = "EventEase", "EventEase\EventEase.csproj", "{6058E74C-9597-760A-EF04-45067ABAD142}"
EndProject
Global
	GlobalSection(SolutionConfigurationPlatforms) = preSolution
		Debug|Any CPU = Debug|Any CPU
		Release|Any CPU = Release|Any CPU
	EndGlobalSection
	GlobalSection(ProjectConfigurationPlatforms) = postSolution
		{6058E74C-9597-760A-EF04-45067ABAD142}.Debug|Any CPU.ActiveCfg = Debug|Any CPU
		{6058E74C-9597-760A-EF04-45067ABAD142}.Debug|Any CPU.Build.0 = Debug|Any CPU
		{6058E74C-9597-760A-EF04-45067ABAD142}.Release|Any CPU.ActiveCfg = Release|Any CPU
		{6058E74C-9597-760A-EF04-45067ABAD142}.Release|Any CPU.Build.0 = Release|Any CPU
	EndGlobalSection
	GlobalSection(SolutionProperties) = preSolution
		HideSolutionNode = FALSE
	EndGlobalSection
	GlobalSection(ExtensibilityGlobals) = postSolution
		SolutionGuid = {D44FCC8B-C9CB-453A-93BC-B44229F373BE}
	EndGlobalSection
EndGlobal
